
Microsoft Visual Studio Solution File, Format Version 11.00
# Visual Studio 2010
Project("{2150E333-8FDC-42A3-9474-1A3956D46DE8}") = "Protocol", "Protocol", "{1D63786C-5390-4AA6-B153-1C2F74E85840}"
	ProjectSection(SolutionItems) = preProject
		Protocol\ConnectProtocol.h = Protocol\ConnectProtocol.h
		Protocol\DataProtocol.h = Protocol\DataProtocol.h
		Protocol\GameProtocol.h = Protocol\GameProtocol.h
		Protocol\JoinProtocol.h = Protocol\JoinProtocol.h
		Protocol\prodef.h = Protocol\prodef.h
	EndProjectSection
EndProject
Project("{8BC9CEB8-8B4A-11D0-8D11-00A0C91BC942}") = "Client", "Client\Client\Client.vcxproj", "{DAC0DCD2-228B-4050-AE74-64E9A57611BE}"
EndProject
Project("{8BC9CEB8-8B4A-11D0-8D11-00A0C91BC942}") = "EngineCore", "engine\EngineCore\EngineCore.vcxproj", "{9C205B68-B380-418C-8422-50BEE76017CF}"
EndProject
Project("{8BC9CEB8-8B4A-11D0-8D11-00A0C91BC942}") = "MuModelPlugin", "tool\MuModelPlugin\MuModelPlugin.vcxproj", "{40AB2FE3-FD81-47B3-9D55-AC959D2F8B8D}"
EndProject
Project("{8BC9CEB8-8B4A-11D0-8D11-00A0C91BC942}") = "MuMapPlugin", "tool\MuWorldMapImport\MuWorldMapImport.vcxproj", "{257217AD-AAF5-461D-9327-03891BA604A1}"
EndProject
Project("{8BC9CEB8-8B4A-11D0-8D11-00A0C91BC942}") = "RenderSystem", "engine\RenderSystem\RenderSystem.vcxproj", "{67E8BE2E-F68E-473E-AECB-1A6DA07E7AB6}"
EndProject
Project("{8BC9CEB8-8B4A-11D0-8D11-00A0C91BC942}") = "RenderSystemDX9", "tool\RenderSystemDX9\RenderSystemDX9.vcxproj", "{6CBDDBA0-9652-41E5-8FB4-79CE71041D1C}"
EndProject
Project("{8BC9CEB8-8B4A-11D0-8D11-00A0C91BC942}") = "ParticlePlugin", "tool\ParticlePlugin\ParticlePlugin.vcxproj", "{EEB7C1F2-C588-4924-909A-DF7326CC09FF}"
EndProject
Global
	GlobalSection(SolutionConfigurationPlatforms) = preSolution
		Debug|Win32 = Debug|Win32
		Release|Win32 = Release|Win32
	EndGlobalSection
	GlobalSection(ProjectConfigurationPlatforms) = postSolution
		{DAC0DCD2-228B-4050-AE74-64E9A57611BE}.Debug|Win32.ActiveCfg = Debug|Win32
		{DAC0DCD2-228B-4050-AE74-64E9A57611BE}.Debug|Win32.Build.0 = Debug|Win32
		{DAC0DCD2-228B-4050-AE74-64E9A57611BE}.Release|Win32.ActiveCfg = Release|Win32
		{DAC0DCD2-228B-4050-AE74-64E9A57611BE}.Release|Win32.Build.0 = Release|Win32
		{9C205B68-B380-418C-8422-50BEE76017CF}.Debug|Win32.ActiveCfg = Debug|Win32
		{9C205B68-B380-418C-8422-50BEE76017CF}.Debug|Win32.Build.0 = Debug|Win32
		{9C205B68-B380-418C-8422-50BEE76017CF}.Release|Win32.ActiveCfg = Release|Win32
		{9C205B68-B380-418C-8422-50BEE76017CF}.Release|Win32.Build.0 = Release|Win32
		{40AB2FE3-FD81-47B3-9D55-AC959D2F8B8D}.Debug|Win32.ActiveCfg = Debug|Win32
		{40AB2FE3-FD81-47B3-9D55-AC959D2F8B8D}.Debug|Win32.Build.0 = Debug|Win32
		{40AB2FE3-FD81-47B3-9D55-AC959D2F8B8D}.Release|Win32.ActiveCfg = Release|Win32
		{40AB2FE3-FD81-47B3-9D55-AC959D2F8B8D}.Release|Win32.Build.0 = Release|Win32
		{257217AD-AAF5-461D-9327-03891BA604A1}.Debug|Win32.ActiveCfg = Debug|Win32
		{257217AD-AAF5-461D-9327-03891BA604A1}.Debug|Win32.Build.0 = Debug|Win32
		{257217AD-AAF5-461D-9327-03891BA604A1}.Release|Win32.ActiveCfg = Release|Win32
		{257217AD-AAF5-461D-9327-03891BA604A1}.Release|Win32.Build.0 = Release|Win32
		{67E8BE2E-F68E-473E-AECB-1A6DA07E7AB6}.Debug|Win32.ActiveCfg = Debug|Win32
		{67E8BE2E-F68E-473E-AECB-1A6DA07E7AB6}.Debug|Win32.Build.0 = Debug|Win32
		{67E8BE2E-F68E-473E-AECB-1A6DA07E7AB6}.Release|Win32.ActiveCfg = Release|Win32
		{67E8BE2E-F68E-473E-AECB-1A6DA07E7AB6}.Release|Win32.Build.0 = Release|Win32
		{6CBDDBA0-9652-41E5-8FB4-79CE71041D1C}.Debug|Win32.ActiveCfg = Debug|Win32
		{6CBDDBA0-9652-41E5-8FB4-79CE71041D1C}.Debug|Win32.Build.0 = Debug|Win32
		{6CBDDBA0-9652-41E5-8FB4-79CE71041D1C}.Release|Win32.ActiveCfg = Release|Win32
		{6CBDDBA0-9652-41E5-8FB4-79CE71041D1C}.Release|Win32.Build.0 = Release|Win32
		{EEB7C1F2-C588-4924-909A-DF7326CC09FF}.Debug|Win32.ActiveCfg = Debug|Win32
		{EEB7C1F2-C588-4924-909A-DF7326CC09FF}.Debug|Win32.Build.0 = Debug|Win32
		{EEB7C1F2-C588-4924-909A-DF7326CC09FF}.Release|Win32.ActiveCfg = Release|Win32
		{EEB7C1F2-C588-4924-909A-DF7326CC09FF}.Release|Win32.Build.0 = Release|Win32
	EndGlobalSection
	GlobalSection(SolutionProperties) = preSolution
		HideSolutionNode = FALSE
	EndGlobalSection
EndGlobal
