
Microsoft Visual Studio Solution File, Format Version 10.00
# Visual Studio 2008
Project("{8BC9CEB8-8B4A-11D0-8D11-00A0C91BC942}") = "Client", "Client\Client.vcproj", "{DAC0DCD2-228B-4050-AE74-64E9A57611BE}"
EndProject
Project("{2150E333-8FDC-42A3-9474-1A3956D46DE8}") = "Protocol", "Protocol", "{1D63786C-5390-4AA6-B153-1C2F74E85840}"
	ProjectSection(SolutionItems) = preProject
		..\Protocol\ConnectProtocol.h = ..\Protocol\ConnectProtocol.h
		..\Protocol\DataProtocol.h = ..\Protocol\DataProtocol.h
		..\Protocol\GameProtocol.h = ..\Protocol\GameProtocol.h
		..\Protocol\JoinProtocol.h = ..\Protocol\JoinProtocol.h
		..\Protocol\prodef.h = ..\Protocol\prodef.h
	EndProjectSection
EndProject
Global
	GlobalSection(SolutionConfigurationPlatforms) = preSolution
		Debug|Win32 = Debug|Win32
		Release|Win32 = Release|Win32
	EndGlobalSection
	GlobalSection(ProjectConfigurationPlatforms) = postSolution
		{DAC0DCD2-228B-4050-AE74-64E9A57611BE}.Debug|Win32.ActiveCfg = Debug|Win32
		{DAC0DCD2-228B-4050-AE74-64E9A57611BE}.Debug|Win32.Build.0 = Debug|Win32
		{DAC0DCD2-228B-4050-AE74-64E9A57611BE}.Release|Win32.ActiveCfg = Release|Win32
		{DAC0DCD2-228B-4050-AE74-64E9A57611BE}.Release|Win32.Build.0 = Release|Win32
	EndGlobalSection
	GlobalSection(SolutionProperties) = preSolution
		HideSolutionNode = FALSE
	EndGlobalSection
EndGlobal
