
Microsoft Visual Studio Solution File, Format Version 11.00
# Visual Studio 2010
Project("{8BC9CEB8-8B4A-11D0-8D11-00A0C91BC942}") = "jpeg", "jpeg\jpeg.vcxproj", "{4FAA0DB0-BC06-4265-B426-8D73D2BD15B8}"
EndProject
Global
	GlobalSection(SolutionConfigurationPlatforms) = preSolution
		Debug|Win32 = Debug|Win32
		Release|Win32 = Release|Win32
		Unicode Debug|Win32 = Unicode Debug|Win32
		Unicode Release|Win32 = Unicode Release|Win32
	EndGlobalSection
	GlobalSection(ProjectConfigurationPlatforms) = postSolution
		{4FAA0DB0-BC06-4265-B426-8D73D2BD15B8}.Debug|Win32.ActiveCfg = Debug|Win32
		{4FAA0DB0-BC06-4265-B426-8D73D2BD15B8}.Debug|Win32.Build.0 = Debug|Win32
		{4FAA0DB0-BC06-4265-B426-8D73D2BD15B8}.Release|Win32.ActiveCfg = Release|Win32
		{4FAA0DB0-BC06-4265-B426-8D73D2BD15B8}.Release|Win32.Build.0 = Release|Win32
		{4FAA0DB0-BC06-4265-B426-8D73D2BD15B8}.Unicode Debug|Win32.ActiveCfg = Unicode Debug|Win32
		{4FAA0DB0-BC06-4265-B426-8D73D2BD15B8}.Unicode Debug|Win32.Build.0 = Unicode Debug|Win32
		{4FAA0DB0-BC06-4265-B426-8D73D2BD15B8}.Unicode Release|Win32.ActiveCfg = Unicode Release|Win32
		{4FAA0DB0-BC06-4265-B426-8D73D2BD15B8}.Unicode Release|Win32.Build.0 = Unicode Release|Win32
	EndGlobalSection
	GlobalSection(SolutionProperties) = preSolution
		HideSolutionNode = FALSE
	EndGlobalSection
EndGlobal
