Microsoft Visual Studio Solution File, Format Version 8.00
Project("{8BC9CEB8-8B4A-11D0-8D11-00A0C91BC942}") = "CSCommon", "..\CSCommon\CSCommon.vcproj", "{CBD109C1-1AA3-4A57-B439-9919C08FAAA5}"
	ProjectSection(ProjectDependencies) = postProject
		{76A2FF14-2736-44CB-BE78-83CF0C6ADC9D} = {76A2FF14-2736-44CB-BE78-83CF0C6ADC9D}
	EndProjectSection
EndProject
Project("{8BC9CEB8-8B4A-11D0-8D11-00A0C91BC942}") = "SafeUDP", "..\SafeUDP\SafeUDP.vcproj", "{6C8069BD-5E8C-41EC-8BD9-2F819291BA67}"
	ProjectSection(ProjectDependencies) = postProject
	EndProjectSection
EndProject
Project("{8BC9CEB8-8B4A-11D0-8D11-00A0C91BC942}") = "Mint2", "..\Mint2\Mint.vcproj", "{20B5465D-8790-43FA-A2A2-EE29F3F0F9BC}"
	ProjectSection(ProjectDependencies) = postProject
	EndProjectSection
EndProject
Project("{8BC9CEB8-8B4A-11D0-8D11-00A0C91BC942}") = "RealSpace2", "..\RealSpace2\RealSpace2.vcproj", "{68FD6FF4-464A-4484-B397-0DFCC060B773}"
	ProjectSection(ProjectDependencies) = postProject
	EndProjectSection
EndProject
Project("{8BC9CEB8-8B4A-11D0-8D11-00A0C91BC942}") = "Gunz", "Gunz.vcproj", "{8041EB15-6294-4BD7-A597-C2AF493F6340}"
	ProjectSection(ProjectDependencies) = postProject
		{76A2FF14-2736-44CB-BE78-83CF0C6ADC9D} = {76A2FF14-2736-44CB-BE78-83CF0C6ADC9D}
		{43FAAF56-EA88-4D3F-95B7-14A0582F3290} = {43FAAF56-EA88-4D3F-95B7-14A0582F3290}
		{20B5465D-8790-43FA-A2A2-EE29F3F0F9BC} = {20B5465D-8790-43FA-A2A2-EE29F3F0F9BC}
		{8D451493-65C2-49C3-ADAE-ACB17E6B0650} = {8D451493-65C2-49C3-ADAE-ACB17E6B0650}
		{98475FA7-BEA2-42EE-9B1C-31D9684D237B} = {98475FA7-BEA2-42EE-9B1C-31D9684D237B}
		{6C8069BD-5E8C-41EC-8BD9-2F819291BA67} = {6C8069BD-5E8C-41EC-8BD9-2F819291BA67}
		{CBD109C1-1AA3-4A57-B439-9919C08FAAA5} = {CBD109C1-1AA3-4A57-B439-9919C08FAAA5}
		{E88600D6-EB31-49F7-9E06-678802D97B82} = {E88600D6-EB31-49F7-9E06-678802D97B82}
		{68FD6FF4-464A-4484-B397-0DFCC060B773} = {68FD6FF4-464A-4484-B397-0DFCC060B773}
	EndProjectSection
EndProject
Project("{8BC9CEB8-8B4A-11D0-8D11-00A0C91BC942}") = "RealSound", "..\RealSound\RealSound.vcproj", "{E88600D6-EB31-49F7-9E06-678802D97B82}"
	ProjectSection(ProjectDependencies) = postProject
	EndProjectSection
EndProject
Project("{8BC9CEB8-8B4A-11D0-8D11-00A0C91BC942}") = "MCountryFilter", "..\MCountryFilter\MCountryFilter.vcproj", "{43FAAF56-EA88-4D3F-95B7-14A0582F3290}"
	ProjectSection(ProjectDependencies) = postProject
	EndProjectSection
EndProject
Project("{8BC9CEB8-8B4A-11D0-8D11-00A0C91BC942}") = "cml", "..\cml\cml.vcproj", "{8D451493-65C2-49C3-ADAE-ACB17E6B0650}"
	ProjectSection(ProjectDependencies) = postProject
	EndProjectSection
EndProject
Project("{8BC9CEB8-8B4A-11D0-8D11-00A0C91BC942}") = "MDatabase", "..\MDatabase\MDatabase.vcproj", "{98475FA7-BEA2-42EE-9B1C-31D9684D237B}"
	ProjectSection(ProjectDependencies) = postProject
	EndProjectSection
EndProject
Project("{8BC9CEB8-8B4A-11D0-8D11-00A0C91BC942}") = "StringLiteral", "..\StringLiteral\StringLiteral.vcproj", "{76A2FF14-2736-44CB-BE78-83CF0C6ADC9D}"
	ProjectSection(ProjectDependencies) = postProject
	EndProjectSection
EndProject
Global
	GlobalSection(SolutionConfiguration) = preSolution
		BRZ_Debug = BRZ_Debug
		BRZ_Release_publish = BRZ_Release_publish
		Debug = Debug
		Debug_TraceMemory = Debug_TraceMemory
		IND_Debug = IND_Debug
		IND_Release_publish = IND_Release_publish
		INTER_Debug = INTER_Debug
		INTER_Release_publish = INTER_Release_publish
		JPN_Debug = JPN_Debug
		JPN_Release_publish = JPN_Release_publish
		KOR_Debug = KOR_Debug
		KOR_Release_publish = KOR_Release_publish
		Release = Release
		USA_Debug = USA_Debug
		USA_Release_publish = USA_Release_publish
	EndGlobalSection
	GlobalSection(ProjectDependencies) = postSolution
	EndGlobalSection
	GlobalSection(ProjectConfiguration) = postSolution
		{CBD109C1-1AA3-4A57-B439-9919C08FAAA5}.BRZ_Debug.ActiveCfg = _Encrypt_BRZ_Debug|Win32
		{CBD109C1-1AA3-4A57-B439-9919C08FAAA5}.BRZ_Debug.Build.0 = _Encrypt_BRZ_Debug|Win32
		{CBD109C1-1AA3-4A57-B439-9919C08FAAA5}.BRZ_Release_publish.ActiveCfg = _Encrypt_BRZ_Release_publish|Win32
		{CBD109C1-1AA3-4A57-B439-9919C08FAAA5}.BRZ_Release_publish.Build.0 = _Encrypt_BRZ_Release_publish|Win32
		{CBD109C1-1AA3-4A57-B439-9919C08FAAA5}.Debug.ActiveCfg = _Encrypt_Debug|Win32
		{CBD109C1-1AA3-4A57-B439-9919C08FAAA5}.Debug.Build.0 = _Encrypt_Debug|Win32
		{CBD109C1-1AA3-4A57-B439-9919C08FAAA5}.Debug_TraceMemory.ActiveCfg = _Encrypt_Debug|Win32
		{CBD109C1-1AA3-4A57-B439-9919C08FAAA5}.Debug_TraceMemory.Build.0 = _Encrypt_Debug|Win32
		{CBD109C1-1AA3-4A57-B439-9919C08FAAA5}.IND_Debug.ActiveCfg = IND_Debug|Win32
		{CBD109C1-1AA3-4A57-B439-9919C08FAAA5}.IND_Debug.Build.0 = IND_Debug|Win32
		{CBD109C1-1AA3-4A57-B439-9919C08FAAA5}.IND_Release_publish.ActiveCfg = IND_Release_publish|Win32
		{CBD109C1-1AA3-4A57-B439-9919C08FAAA5}.IND_Release_publish.Build.0 = IND_Release_publish|Win32
		{CBD109C1-1AA3-4A57-B439-9919C08FAAA5}.INTER_Debug.ActiveCfg = INTER_Debug|Win32
		{CBD109C1-1AA3-4A57-B439-9919C08FAAA5}.INTER_Debug.Build.0 = INTER_Debug|Win32
		{CBD109C1-1AA3-4A57-B439-9919C08FAAA5}.INTER_Release_publish.ActiveCfg = INTER_Release_publish|Win32
		{CBD109C1-1AA3-4A57-B439-9919C08FAAA5}.INTER_Release_publish.Build.0 = INTER_Release_publish|Win32
		{CBD109C1-1AA3-4A57-B439-9919C08FAAA5}.JPN_Debug.ActiveCfg = _Encrypt_JPN_Debug|Win32
		{CBD109C1-1AA3-4A57-B439-9919C08FAAA5}.JPN_Debug.Build.0 = _Encrypt_JPN_Debug|Win32
		{CBD109C1-1AA3-4A57-B439-9919C08FAAA5}.JPN_Release_publish.ActiveCfg = _Encrypt_JPN_Release_publish|Win32
		{CBD109C1-1AA3-4A57-B439-9919C08FAAA5}.JPN_Release_publish.Build.0 = _Encrypt_JPN_Release_publish|Win32
		{CBD109C1-1AA3-4A57-B439-9919C08FAAA5}.KOR_Debug.ActiveCfg = _Encrypt_KOR_Debug|Win32
		{CBD109C1-1AA3-4A57-B439-9919C08FAAA5}.KOR_Debug.Build.0 = _Encrypt_KOR_Debug|Win32
		{CBD109C1-1AA3-4A57-B439-9919C08FAAA5}.KOR_Release_publish.ActiveCfg = _Encrypt_KOR_Release_publish|Win32
		{CBD109C1-1AA3-4A57-B439-9919C08FAAA5}.KOR_Release_publish.Build.0 = _Encrypt_KOR_Release_publish|Win32
		{CBD109C1-1AA3-4A57-B439-9919C08FAAA5}.Release.ActiveCfg = _Encrypt_KOR_Release_publish|Win32
		{CBD109C1-1AA3-4A57-B439-9919C08FAAA5}.Release.Build.0 = _Encrypt_KOR_Release_publish|Win32
		{CBD109C1-1AA3-4A57-B439-9919C08FAAA5}.USA_Debug.ActiveCfg = _Encrypt_USA_Debug|Win32
		{CBD109C1-1AA3-4A57-B439-9919C08FAAA5}.USA_Debug.Build.0 = _Encrypt_USA_Debug|Win32
		{CBD109C1-1AA3-4A57-B439-9919C08FAAA5}.USA_Release_publish.ActiveCfg = _Encrypt_USA_Release_publish|Win32
		{CBD109C1-1AA3-4A57-B439-9919C08FAAA5}.USA_Release_publish.Build.0 = _Encrypt_USA_Release_publish|Win32
		{6C8069BD-5E8C-41EC-8BD9-2F819291BA67}.BRZ_Debug.ActiveCfg = Debug|Win32
		{6C8069BD-5E8C-41EC-8BD9-2F819291BA67}.BRZ_Debug.Build.0 = Debug|Win32
		{6C8069BD-5E8C-41EC-8BD9-2F819291BA67}.BRZ_Release_publish.ActiveCfg = Release|Win32
		{6C8069BD-5E8C-41EC-8BD9-2F819291BA67}.BRZ_Release_publish.Build.0 = Release|Win32
		{6C8069BD-5E8C-41EC-8BD9-2F819291BA67}.Debug.ActiveCfg = Debug|Win32
		{6C8069BD-5E8C-41EC-8BD9-2F819291BA67}.Debug.Build.0 = Debug|Win32
		{6C8069BD-5E8C-41EC-8BD9-2F819291BA67}.Debug_TraceMemory.ActiveCfg = Debug|Win32
		{6C8069BD-5E8C-41EC-8BD9-2F819291BA67}.Debug_TraceMemory.Build.0 = Debug|Win32
		{6C8069BD-5E8C-41EC-8BD9-2F819291BA67}.IND_Debug.ActiveCfg = Debug|Win32
		{6C8069BD-5E8C-41EC-8BD9-2F819291BA67}.IND_Debug.Build.0 = Debug|Win32
		{6C8069BD-5E8C-41EC-8BD9-2F819291BA67}.IND_Release_publish.ActiveCfg = Release|Win32
		{6C8069BD-5E8C-41EC-8BD9-2F819291BA67}.IND_Release_publish.Build.0 = Release|Win32
		{6C8069BD-5E8C-41EC-8BD9-2F819291BA67}.INTER_Debug.ActiveCfg = Debug|Win32
		{6C8069BD-5E8C-41EC-8BD9-2F819291BA67}.INTER_Debug.Build.0 = Debug|Win32
		{6C8069BD-5E8C-41EC-8BD9-2F819291BA67}.INTER_Release_publish.ActiveCfg = Release|Win32
		{6C8069BD-5E8C-41EC-8BD9-2F819291BA67}.INTER_Release_publish.Build.0 = Release|Win32
		{6C8069BD-5E8C-41EC-8BD9-2F819291BA67}.JPN_Debug.ActiveCfg = Debug|Win32
		{6C8069BD-5E8C-41EC-8BD9-2F819291BA67}.JPN_Debug.Build.0 = Debug|Win32
		{6C8069BD-5E8C-41EC-8BD9-2F819291BA67}.JPN_Release_publish.ActiveCfg = Release|Win32
		{6C8069BD-5E8C-41EC-8BD9-2F819291BA67}.JPN_Release_publish.Build.0 = Release|Win32
		{6C8069BD-5E8C-41EC-8BD9-2F819291BA67}.KOR_Debug.ActiveCfg = Debug|Win32
		{6C8069BD-5E8C-41EC-8BD9-2F819291BA67}.KOR_Debug.Build.0 = Debug|Win32
		{6C8069BD-5E8C-41EC-8BD9-2F819291BA67}.KOR_Release_publish.ActiveCfg = Release|Win32
		{6C8069BD-5E8C-41EC-8BD9-2F819291BA67}.KOR_Release_publish.Build.0 = Release|Win32
		{6C8069BD-5E8C-41EC-8BD9-2F819291BA67}.Release.ActiveCfg = Release|Win32
		{6C8069BD-5E8C-41EC-8BD9-2F819291BA67}.Release.Build.0 = Release|Win32
		{6C8069BD-5E8C-41EC-8BD9-2F819291BA67}.USA_Debug.ActiveCfg = Debug|Win32
		{6C8069BD-5E8C-41EC-8BD9-2F819291BA67}.USA_Debug.Build.0 = Debug|Win32
		{6C8069BD-5E8C-41EC-8BD9-2F819291BA67}.USA_Release_publish.ActiveCfg = Release|Win32
		{6C8069BD-5E8C-41EC-8BD9-2F819291BA67}.USA_Release_publish.Build.0 = Release|Win32
		{20B5465D-8790-43FA-A2A2-EE29F3F0F9BC}.BRZ_Debug.ActiveCfg = Debug|Win32
		{20B5465D-8790-43FA-A2A2-EE29F3F0F9BC}.BRZ_Debug.Build.0 = Debug|Win32
		{20B5465D-8790-43FA-A2A2-EE29F3F0F9BC}.BRZ_Release_publish.ActiveCfg = Release|Win32
		{20B5465D-8790-43FA-A2A2-EE29F3F0F9BC}.BRZ_Release_publish.Build.0 = Release|Win32
		{20B5465D-8790-43FA-A2A2-EE29F3F0F9BC}.Debug.ActiveCfg = Debug|Win32
		{20B5465D-8790-43FA-A2A2-EE29F3F0F9BC}.Debug.Build.0 = Debug|Win32
		{20B5465D-8790-43FA-A2A2-EE29F3F0F9BC}.Debug_TraceMemory.ActiveCfg = Debug|Win32
		{20B5465D-8790-43FA-A2A2-EE29F3F0F9BC}.Debug_TraceMemory.Build.0 = Debug|Win32
		{20B5465D-8790-43FA-A2A2-EE29F3F0F9BC}.IND_Debug.ActiveCfg = Debug|Win32
		{20B5465D-8790-43FA-A2A2-EE29F3F0F9BC}.IND_Debug.Build.0 = Debug|Win32
		{20B5465D-8790-43FA-A2A2-EE29F3F0F9BC}.IND_Release_publish.ActiveCfg = Release|Win32
		{20B5465D-8790-43FA-A2A2-EE29F3F0F9BC}.IND_Release_publish.Build.0 = Release|Win32
		{20B5465D-8790-43FA-A2A2-EE29F3F0F9BC}.INTER_Debug.ActiveCfg = Debug|Win32
		{20B5465D-8790-43FA-A2A2-EE29F3F0F9BC}.INTER_Debug.Build.0 = Debug|Win32
		{20B5465D-8790-43FA-A2A2-EE29F3F0F9BC}.INTER_Release_publish.ActiveCfg = Release|Win32
		{20B5465D-8790-43FA-A2A2-EE29F3F0F9BC}.INTER_Release_publish.Build.0 = Release|Win32
		{20B5465D-8790-43FA-A2A2-EE29F3F0F9BC}.JPN_Debug.ActiveCfg = Debug|Win32
		{20B5465D-8790-43FA-A2A2-EE29F3F0F9BC}.JPN_Debug.Build.0 = Debug|Win32
		{20B5465D-8790-43FA-A2A2-EE29F3F0F9BC}.JPN_Release_publish.ActiveCfg = Release|Win32
		{20B5465D-8790-43FA-A2A2-EE29F3F0F9BC}.JPN_Release_publish.Build.0 = Release|Win32
		{20B5465D-8790-43FA-A2A2-EE29F3F0F9BC}.KOR_Debug.ActiveCfg = Debug|Win32
		{20B5465D-8790-43FA-A2A2-EE29F3F0F9BC}.KOR_Debug.Build.0 = Debug|Win32
		{20B5465D-8790-43FA-A2A2-EE29F3F0F9BC}.KOR_Release_publish.ActiveCfg = Release|Win32
		{20B5465D-8790-43FA-A2A2-EE29F3F0F9BC}.KOR_Release_publish.Build.0 = Release|Win32
		{20B5465D-8790-43FA-A2A2-EE29F3F0F9BC}.Release.ActiveCfg = Release|Win32
		{20B5465D-8790-43FA-A2A2-EE29F3F0F9BC}.Release.Build.0 = Release|Win32
		{20B5465D-8790-43FA-A2A2-EE29F3F0F9BC}.USA_Debug.ActiveCfg = Debug|Win32
		{20B5465D-8790-43FA-A2A2-EE29F3F0F9BC}.USA_Debug.Build.0 = Debug|Win32
		{20B5465D-8790-43FA-A2A2-EE29F3F0F9BC}.USA_Release_publish.ActiveCfg = Release|Win32
		{20B5465D-8790-43FA-A2A2-EE29F3F0F9BC}.USA_Release_publish.Build.0 = Release|Win32
		{68FD6FF4-464A-4484-B397-0DFCC060B773}.BRZ_Debug.ActiveCfg = Debug|Win32
		{68FD6FF4-464A-4484-B397-0DFCC060B773}.BRZ_Debug.Build.0 = Debug|Win32
		{68FD6FF4-464A-4484-B397-0DFCC060B773}.BRZ_Release_publish.ActiveCfg = Release_publish|Win32
		{68FD6FF4-464A-4484-B397-0DFCC060B773}.BRZ_Release_publish.Build.0 = Release_publish|Win32
		{68FD6FF4-464A-4484-B397-0DFCC060B773}.Debug.ActiveCfg = Debug|Win32
		{68FD6FF4-464A-4484-B397-0DFCC060B773}.Debug.Build.0 = Debug|Win32
		{68FD6FF4-464A-4484-B397-0DFCC060B773}.Debug_TraceMemory.ActiveCfg = Debug|Win32
		{68FD6FF4-464A-4484-B397-0DFCC060B773}.Debug_TraceMemory.Build.0 = Debug|Win32
		{68FD6FF4-464A-4484-B397-0DFCC060B773}.IND_Debug.ActiveCfg = Debug|Win32
		{68FD6FF4-464A-4484-B397-0DFCC060B773}.IND_Debug.Build.0 = Debug|Win32
		{68FD6FF4-464A-4484-B397-0DFCC060B773}.IND_Release_publish.ActiveCfg = Release_publish|Win32
		{68FD6FF4-464A-4484-B397-0DFCC060B773}.IND_Release_publish.Build.0 = Release_publish|Win32
		{68FD6FF4-464A-4484-B397-0DFCC060B773}.INTER_Debug.ActiveCfg = Debug|Win32
		{68FD6FF4-464A-4484-B397-0DFCC060B773}.INTER_Debug.Build.0 = Debug|Win32
		{68FD6FF4-464A-4484-B397-0DFCC060B773}.INTER_Release_publish.ActiveCfg = Release_publish|Win32
		{68FD6FF4-464A-4484-B397-0DFCC060B773}.INTER_Release_publish.Build.0 = Release_publish|Win32
		{68FD6FF4-464A-4484-B397-0DFCC060B773}.JPN_Debug.ActiveCfg = Debug|Win32
		{68FD6FF4-464A-4484-B397-0DFCC060B773}.JPN_Debug.Build.0 = Debug|Win32
		{68FD6FF4-464A-4484-B397-0DFCC060B773}.JPN_Release_publish.ActiveCfg = Release_publish|Win32
		{68FD6FF4-464A-4484-B397-0DFCC060B773}.JPN_Release_publish.Build.0 = Release_publish|Win32
		{68FD6FF4-464A-4484-B397-0DFCC060B773}.KOR_Debug.ActiveCfg = Debug|Win32
		{68FD6FF4-464A-4484-B397-0DFCC060B773}.KOR_Debug.Build.0 = Debug|Win32
		{68FD6FF4-464A-4484-B397-0DFCC060B773}.KOR_Release_publish.ActiveCfg = Release_publish|Win32
		{68FD6FF4-464A-4484-B397-0DFCC060B773}.KOR_Release_publish.Build.0 = Release_publish|Win32
		{68FD6FF4-464A-4484-B397-0DFCC060B773}.Release.ActiveCfg = Release|Win32
		{68FD6FF4-464A-4484-B397-0DFCC060B773}.Release.Build.0 = Release|Win32
		{68FD6FF4-464A-4484-B397-0DFCC060B773}.USA_Debug.ActiveCfg = Debug|Win32
		{68FD6FF4-464A-4484-B397-0DFCC060B773}.USA_Debug.Build.0 = Debug|Win32
		{68FD6FF4-464A-4484-B397-0DFCC060B773}.USA_Release_publish.ActiveCfg = Release_publish|Win32
		{68FD6FF4-464A-4484-B397-0DFCC060B773}.USA_Release_publish.Build.0 = Release_publish|Win32
		{8041EB15-6294-4BD7-A597-C2AF493F6340}.BRZ_Debug.ActiveCfg = BRZ_Debug|Win32
		{8041EB15-6294-4BD7-A597-C2AF493F6340}.BRZ_Debug.Build.0 = BRZ_Debug|Win32
		{8041EB15-6294-4BD7-A597-C2AF493F6340}.BRZ_Release_publish.ActiveCfg = BRZ_Release_publish|Win32
		{8041EB15-6294-4BD7-A597-C2AF493F6340}.BRZ_Release_publish.Build.0 = BRZ_Release_publish|Win32
		{8041EB15-6294-4BD7-A597-C2AF493F6340}.Debug.ActiveCfg = Debug|Win32
		{8041EB15-6294-4BD7-A597-C2AF493F6340}.Debug.Build.0 = Debug|Win32
		{8041EB15-6294-4BD7-A597-C2AF493F6340}.Debug_TraceMemory.ActiveCfg = Debug_tracememory|Win32
		{8041EB15-6294-4BD7-A597-C2AF493F6340}.Debug_TraceMemory.Build.0 = Debug_tracememory|Win32
		{8041EB15-6294-4BD7-A597-C2AF493F6340}.IND_Debug.ActiveCfg = IND_Debug|Win32
		{8041EB15-6294-4BD7-A597-C2AF493F6340}.IND_Debug.Build.0 = IND_Debug|Win32
		{8041EB15-6294-4BD7-A597-C2AF493F6340}.IND_Release_publish.ActiveCfg = IND_Release_publish|Win32
		{8041EB15-6294-4BD7-A597-C2AF493F6340}.IND_Release_publish.Build.0 = IND_Release_publish|Win32
		{8041EB15-6294-4BD7-A597-C2AF493F6340}.INTER_Debug.ActiveCfg = INTER_Debug|Win32
		{8041EB15-6294-4BD7-A597-C2AF493F6340}.INTER_Debug.Build.0 = INTER_Debug|Win32
		{8041EB15-6294-4BD7-A597-C2AF493F6340}.INTER_Release_publish.ActiveCfg = INTER_Release_publish|Win32
		{8041EB15-6294-4BD7-A597-C2AF493F6340}.INTER_Release_publish.Build.0 = INTER_Release_publish|Win32
		{8041EB15-6294-4BD7-A597-C2AF493F6340}.JPN_Debug.ActiveCfg = JPN_Debug|Win32
		{8041EB15-6294-4BD7-A597-C2AF493F6340}.JPN_Debug.Build.0 = JPN_Debug|Win32
		{8041EB15-6294-4BD7-A597-C2AF493F6340}.JPN_Release_publish.ActiveCfg = JPN_Release_publish|Win32
		{8041EB15-6294-4BD7-A597-C2AF493F6340}.JPN_Release_publish.Build.0 = JPN_Release_publish|Win32
		{8041EB15-6294-4BD7-A597-C2AF493F6340}.KOR_Debug.ActiveCfg = KOR_Debug|Win32
		{8041EB15-6294-4BD7-A597-C2AF493F6340}.KOR_Debug.Build.0 = KOR_Debug|Win32
		{8041EB15-6294-4BD7-A597-C2AF493F6340}.KOR_Release_publish.ActiveCfg = KOR_Release_publish|Win32
		{8041EB15-6294-4BD7-A597-C2AF493F6340}.KOR_Release_publish.Build.0 = KOR_Release_publish|Win32
		{8041EB15-6294-4BD7-A597-C2AF493F6340}.Release.ActiveCfg = Release|Win32
		{8041EB15-6294-4BD7-A597-C2AF493F6340}.Release.Build.0 = Release|Win32
		{8041EB15-6294-4BD7-A597-C2AF493F6340}.USA_Debug.ActiveCfg = USA_Debug|Win32
		{8041EB15-6294-4BD7-A597-C2AF493F6340}.USA_Debug.Build.0 = USA_Debug|Win32
		{8041EB15-6294-4BD7-A597-C2AF493F6340}.USA_Release_publish.ActiveCfg = USA_Release_publish|Win32
		{8041EB15-6294-4BD7-A597-C2AF493F6340}.USA_Release_publish.Build.0 = USA_Release_publish|Win32
		{E88600D6-EB31-49F7-9E06-678802D97B82}.BRZ_Debug.ActiveCfg = Debug|Win32
		{E88600D6-EB31-49F7-9E06-678802D97B82}.BRZ_Debug.Build.0 = Debug|Win32
		{E88600D6-EB31-49F7-9E06-678802D97B82}.BRZ_Release_publish.ActiveCfg = Release|Win32
		{E88600D6-EB31-49F7-9E06-678802D97B82}.BRZ_Release_publish.Build.0 = Release|Win32
		{E88600D6-EB31-49F7-9E06-678802D97B82}.Debug.ActiveCfg = Debug|Win32
		{E88600D6-EB31-49F7-9E06-678802D97B82}.Debug.Build.0 = Debug|Win32
		{E88600D6-EB31-49F7-9E06-678802D97B82}.Debug_TraceMemory.ActiveCfg = Debug|Win32
		{E88600D6-EB31-49F7-9E06-678802D97B82}.Debug_TraceMemory.Build.0 = Debug|Win32
		{E88600D6-EB31-49F7-9E06-678802D97B82}.IND_Debug.ActiveCfg = Debug|Win32
		{E88600D6-EB31-49F7-9E06-678802D97B82}.IND_Debug.Build.0 = Debug|Win32
		{E88600D6-EB31-49F7-9E06-678802D97B82}.IND_Release_publish.ActiveCfg = Release|Win32
		{E88600D6-EB31-49F7-9E06-678802D97B82}.IND_Release_publish.Build.0 = Release|Win32
		{E88600D6-EB31-49F7-9E06-678802D97B82}.INTER_Debug.ActiveCfg = Debug|Win32
		{E88600D6-EB31-49F7-9E06-678802D97B82}.INTER_Debug.Build.0 = Debug|Win32
		{E88600D6-EB31-49F7-9E06-678802D97B82}.INTER_Release_publish.ActiveCfg = Release|Win32
		{E88600D6-EB31-49F7-9E06-678802D97B82}.INTER_Release_publish.Build.0 = Release|Win32
		{E88600D6-EB31-49F7-9E06-678802D97B82}.JPN_Debug.ActiveCfg = Debug|Win32
		{E88600D6-EB31-49F7-9E06-678802D97B82}.JPN_Debug.Build.0 = Debug|Win32
		{E88600D6-EB31-49F7-9E06-678802D97B82}.JPN_Release_publish.ActiveCfg = Release|Win32
		{E88600D6-EB31-49F7-9E06-678802D97B82}.JPN_Release_publish.Build.0 = Release|Win32
		{E88600D6-EB31-49F7-9E06-678802D97B82}.KOR_Debug.ActiveCfg = Debug|Win32
		{E88600D6-EB31-49F7-9E06-678802D97B82}.KOR_Debug.Build.0 = Debug|Win32
		{E88600D6-EB31-49F7-9E06-678802D97B82}.KOR_Release_publish.ActiveCfg = Release|Win32
		{E88600D6-EB31-49F7-9E06-678802D97B82}.KOR_Release_publish.Build.0 = Release|Win32
		{E88600D6-EB31-49F7-9E06-678802D97B82}.Release.ActiveCfg = Release|Win32
		{E88600D6-EB31-49F7-9E06-678802D97B82}.Release.Build.0 = Release|Win32
		{E88600D6-EB31-49F7-9E06-678802D97B82}.USA_Debug.ActiveCfg = Debug|Win32
		{E88600D6-EB31-49F7-9E06-678802D97B82}.USA_Debug.Build.0 = Debug|Win32
		{E88600D6-EB31-49F7-9E06-678802D97B82}.USA_Release_publish.ActiveCfg = Release|Win32
		{E88600D6-EB31-49F7-9E06-678802D97B82}.USA_Release_publish.Build.0 = Release|Win32
		{43FAAF56-EA88-4D3F-95B7-14A0582F3290}.BRZ_Debug.ActiveCfg = Debug|Win32
		{43FAAF56-EA88-4D3F-95B7-14A0582F3290}.BRZ_Debug.Build.0 = Debug|Win32
		{43FAAF56-EA88-4D3F-95B7-14A0582F3290}.BRZ_Release_publish.ActiveCfg = Release|Win32
		{43FAAF56-EA88-4D3F-95B7-14A0582F3290}.BRZ_Release_publish.Build.0 = Release|Win32
		{43FAAF56-EA88-4D3F-95B7-14A0582F3290}.Debug.ActiveCfg = Debug|Win32
		{43FAAF56-EA88-4D3F-95B7-14A0582F3290}.Debug.Build.0 = Debug|Win32
		{43FAAF56-EA88-4D3F-95B7-14A0582F3290}.Debug_TraceMemory.ActiveCfg = Debug|Win32
		{43FAAF56-EA88-4D3F-95B7-14A0582F3290}.Debug_TraceMemory.Build.0 = Debug|Win32
		{43FAAF56-EA88-4D3F-95B7-14A0582F3290}.IND_Debug.ActiveCfg = Debug|Win32
		{43FAAF56-EA88-4D3F-95B7-14A0582F3290}.IND_Debug.Build.0 = Debug|Win32
		{43FAAF56-EA88-4D3F-95B7-14A0582F3290}.IND_Release_publish.ActiveCfg = Release|Win32
		{43FAAF56-EA88-4D3F-95B7-14A0582F3290}.IND_Release_publish.Build.0 = Release|Win32
		{43FAAF56-EA88-4D3F-95B7-14A0582F3290}.INTER_Debug.ActiveCfg = Debug|Win32
		{43FAAF56-EA88-4D3F-95B7-14A0582F3290}.INTER_Debug.Build.0 = Debug|Win32
		{43FAAF56-EA88-4D3F-95B7-14A0582F3290}.INTER_Release_publish.ActiveCfg = Release|Win32
		{43FAAF56-EA88-4D3F-95B7-14A0582F3290}.INTER_Release_publish.Build.0 = Release|Win32
		{43FAAF56-EA88-4D3F-95B7-14A0582F3290}.JPN_Debug.ActiveCfg = Debug|Win32
		{43FAAF56-EA88-4D3F-95B7-14A0582F3290}.JPN_Debug.Build.0 = Debug|Win32
		{43FAAF56-EA88-4D3F-95B7-14A0582F3290}.JPN_Release_publish.ActiveCfg = Release|Win32
		{43FAAF56-EA88-4D3F-95B7-14A0582F3290}.JPN_Release_publish.Build.0 = Release|Win32
		{43FAAF56-EA88-4D3F-95B7-14A0582F3290}.KOR_Debug.ActiveCfg = Debug|Win32
		{43FAAF56-EA88-4D3F-95B7-14A0582F3290}.KOR_Debug.Build.0 = Debug|Win32
		{43FAAF56-EA88-4D3F-95B7-14A0582F3290}.KOR_Release_publish.ActiveCfg = Release|Win32
		{43FAAF56-EA88-4D3F-95B7-14A0582F3290}.KOR_Release_publish.Build.0 = Release|Win32
		{43FAAF56-EA88-4D3F-95B7-14A0582F3290}.Release.ActiveCfg = Release|Win32
		{43FAAF56-EA88-4D3F-95B7-14A0582F3290}.Release.Build.0 = Release|Win32
		{43FAAF56-EA88-4D3F-95B7-14A0582F3290}.USA_Debug.ActiveCfg = Debug|Win32
		{43FAAF56-EA88-4D3F-95B7-14A0582F3290}.USA_Debug.Build.0 = Debug|Win32
		{43FAAF56-EA88-4D3F-95B7-14A0582F3290}.USA_Release_publish.ActiveCfg = Release|Win32
		{43FAAF56-EA88-4D3F-95B7-14A0582F3290}.USA_Release_publish.Build.0 = Release|Win32
		{8D451493-65C2-49C3-ADAE-ACB17E6B0650}.BRZ_Debug.ActiveCfg = Debug|Win32
		{8D451493-65C2-49C3-ADAE-ACB17E6B0650}.BRZ_Debug.Build.0 = Debug|Win32
		{8D451493-65C2-49C3-ADAE-ACB17E6B0650}.BRZ_Release_publish.ActiveCfg = Release|Win32
		{8D451493-65C2-49C3-ADAE-ACB17E6B0650}.BRZ_Release_publish.Build.0 = Release|Win32
		{8D451493-65C2-49C3-ADAE-ACB17E6B0650}.Debug.ActiveCfg = Debug|Win32
		{8D451493-65C2-49C3-ADAE-ACB17E6B0650}.Debug.Build.0 = Debug|Win32
		{8D451493-65C2-49C3-ADAE-ACB17E6B0650}.Debug_TraceMemory.ActiveCfg = Debug|Win32
		{8D451493-65C2-49C3-ADAE-ACB17E6B0650}.Debug_TraceMemory.Build.0 = Debug|Win32
		{8D451493-65C2-49C3-ADAE-ACB17E6B0650}.IND_Debug.ActiveCfg = Debug|Win32
		{8D451493-65C2-49C3-ADAE-ACB17E6B0650}.IND_Debug.Build.0 = Debug|Win32
		{8D451493-65C2-49C3-ADAE-ACB17E6B0650}.IND_Release_publish.ActiveCfg = Release|Win32
		{8D451493-65C2-49C3-ADAE-ACB17E6B0650}.IND_Release_publish.Build.0 = Release|Win32
		{8D451493-65C2-49C3-ADAE-ACB17E6B0650}.INTER_Debug.ActiveCfg = Debug|Win32
		{8D451493-65C2-49C3-ADAE-ACB17E6B0650}.INTER_Debug.Build.0 = Debug|Win32
		{8D451493-65C2-49C3-ADAE-ACB17E6B0650}.INTER_Release_publish.ActiveCfg = Release|Win32
		{8D451493-65C2-49C3-ADAE-ACB17E6B0650}.INTER_Release_publish.Build.0 = Release|Win32
		{8D451493-65C2-49C3-ADAE-ACB17E6B0650}.JPN_Debug.ActiveCfg = Debug|Win32
		{8D451493-65C2-49C3-ADAE-ACB17E6B0650}.JPN_Debug.Build.0 = Debug|Win32
		{8D451493-65C2-49C3-ADAE-ACB17E6B0650}.JPN_Release_publish.ActiveCfg = Release|Win32
		{8D451493-65C2-49C3-ADAE-ACB17E6B0650}.JPN_Release_publish.Build.0 = Release|Win32
		{8D451493-65C2-49C3-ADAE-ACB17E6B0650}.KOR_Debug.ActiveCfg = Debug|Win32
		{8D451493-65C2-49C3-ADAE-ACB17E6B0650}.KOR_Debug.Build.0 = Debug|Win32
		{8D451493-65C2-49C3-ADAE-ACB17E6B0650}.KOR_Release_publish.ActiveCfg = Release|Win32
		{8D451493-65C2-49C3-ADAE-ACB17E6B0650}.KOR_Release_publish.Build.0 = Release|Win32
		{8D451493-65C2-49C3-ADAE-ACB17E6B0650}.Release.ActiveCfg = Release|Win32
		{8D451493-65C2-49C3-ADAE-ACB17E6B0650}.Release.Build.0 = Release|Win32
		{8D451493-65C2-49C3-ADAE-ACB17E6B0650}.USA_Debug.ActiveCfg = Debug|Win32
		{8D451493-65C2-49C3-ADAE-ACB17E6B0650}.USA_Debug.Build.0 = Debug|Win32
		{8D451493-65C2-49C3-ADAE-ACB17E6B0650}.USA_Release_publish.ActiveCfg = Release|Win32
		{8D451493-65C2-49C3-ADAE-ACB17E6B0650}.USA_Release_publish.Build.0 = Release|Win32
		{98475FA7-BEA2-42EE-9B1C-31D9684D237B}.BRZ_Debug.ActiveCfg = Debug|Win32
		{98475FA7-BEA2-42EE-9B1C-31D9684D237B}.BRZ_Debug.Build.0 = Debug|Win32
		{98475FA7-BEA2-42EE-9B1C-31D9684D237B}.BRZ_Release_publish.ActiveCfg = Release|Win32
		{98475FA7-BEA2-42EE-9B1C-31D9684D237B}.BRZ_Release_publish.Build.0 = Release|Win32
		{98475FA7-BEA2-42EE-9B1C-31D9684D237B}.Debug.ActiveCfg = Debug|Win32
		{98475FA7-BEA2-42EE-9B1C-31D9684D237B}.Debug.Build.0 = Debug|Win32
		{98475FA7-BEA2-42EE-9B1C-31D9684D237B}.Debug_TraceMemory.ActiveCfg = Debug|Win32
		{98475FA7-BEA2-42EE-9B1C-31D9684D237B}.Debug_TraceMemory.Build.0 = Debug|Win32
		{98475FA7-BEA2-42EE-9B1C-31D9684D237B}.IND_Debug.ActiveCfg = Debug|Win32
		{98475FA7-BEA2-42EE-9B1C-31D9684D237B}.IND_Debug.Build.0 = Debug|Win32
		{98475FA7-BEA2-42EE-9B1C-31D9684D237B}.IND_Release_publish.ActiveCfg = Release|Win32
		{98475FA7-BEA2-42EE-9B1C-31D9684D237B}.IND_Release_publish.Build.0 = Release|Win32
		{98475FA7-BEA2-42EE-9B1C-31D9684D237B}.INTER_Debug.ActiveCfg = Debug|Win32
		{98475FA7-BEA2-42EE-9B1C-31D9684D237B}.INTER_Debug.Build.0 = Debug|Win32
		{98475FA7-BEA2-42EE-9B1C-31D9684D237B}.INTER_Release_publish.ActiveCfg = Release|Win32
		{98475FA7-BEA2-42EE-9B1C-31D9684D237B}.INTER_Release_publish.Build.0 = Release|Win32
		{98475FA7-BEA2-42EE-9B1C-31D9684D237B}.JPN_Debug.ActiveCfg = Debug|Win32
		{98475FA7-BEA2-42EE-9B1C-31D9684D237B}.JPN_Debug.Build.0 = Debug|Win32
		{98475FA7-BEA2-42EE-9B1C-31D9684D237B}.JPN_Release_publish.ActiveCfg = Release|Win32
		{98475FA7-BEA2-42EE-9B1C-31D9684D237B}.JPN_Release_publish.Build.0 = Release|Win32
		{98475FA7-BEA2-42EE-9B1C-31D9684D237B}.KOR_Debug.ActiveCfg = Debug|Win32
		{98475FA7-BEA2-42EE-9B1C-31D9684D237B}.KOR_Debug.Build.0 = Debug|Win32
		{98475FA7-BEA2-42EE-9B1C-31D9684D237B}.KOR_Release_publish.ActiveCfg = Release|Win32
		{98475FA7-BEA2-42EE-9B1C-31D9684D237B}.KOR_Release_publish.Build.0 = Release|Win32
		{98475FA7-BEA2-42EE-9B1C-31D9684D237B}.Release.ActiveCfg = Release|Win32
		{98475FA7-BEA2-42EE-9B1C-31D9684D237B}.Release.Build.0 = Release|Win32
		{98475FA7-BEA2-42EE-9B1C-31D9684D237B}.USA_Debug.ActiveCfg = Debug|Win32
		{98475FA7-BEA2-42EE-9B1C-31D9684D237B}.USA_Debug.Build.0 = Debug|Win32
		{98475FA7-BEA2-42EE-9B1C-31D9684D237B}.USA_Release_publish.ActiveCfg = Release|Win32
		{98475FA7-BEA2-42EE-9B1C-31D9684D237B}.USA_Release_publish.Build.0 = Release|Win32
		{76A2FF14-2736-44CB-BE78-83CF0C6ADC9D}.BRZ_Debug.ActiveCfg = Debug|Win32
		{76A2FF14-2736-44CB-BE78-83CF0C6ADC9D}.BRZ_Debug.Build.0 = Debug|Win32
		{76A2FF14-2736-44CB-BE78-83CF0C6ADC9D}.BRZ_Release_publish.ActiveCfg = Release|Win32
		{76A2FF14-2736-44CB-BE78-83CF0C6ADC9D}.BRZ_Release_publish.Build.0 = Release|Win32
		{76A2FF14-2736-44CB-BE78-83CF0C6ADC9D}.Debug.ActiveCfg = Debug|Win32
		{76A2FF14-2736-44CB-BE78-83CF0C6ADC9D}.Debug.Build.0 = Debug|Win32
		{76A2FF14-2736-44CB-BE78-83CF0C6ADC9D}.Debug_TraceMemory.ActiveCfg = Debug|Win32
		{76A2FF14-2736-44CB-BE78-83CF0C6ADC9D}.Debug_TraceMemory.Build.0 = Debug|Win32
		{76A2FF14-2736-44CB-BE78-83CF0C6ADC9D}.IND_Debug.ActiveCfg = Debug|Win32
		{76A2FF14-2736-44CB-BE78-83CF0C6ADC9D}.IND_Debug.Build.0 = Debug|Win32
		{76A2FF14-2736-44CB-BE78-83CF0C6ADC9D}.IND_Release_publish.ActiveCfg = Release|Win32
		{76A2FF14-2736-44CB-BE78-83CF0C6ADC9D}.IND_Release_publish.Build.0 = Release|Win32
		{76A2FF14-2736-44CB-BE78-83CF0C6ADC9D}.INTER_Debug.ActiveCfg = Debug|Win32
		{76A2FF14-2736-44CB-BE78-83CF0C6ADC9D}.INTER_Debug.Build.0 = Debug|Win32
		{76A2FF14-2736-44CB-BE78-83CF0C6ADC9D}.INTER_Release_publish.ActiveCfg = Release|Win32
		{76A2FF14-2736-44CB-BE78-83CF0C6ADC9D}.INTER_Release_publish.Build.0 = Release|Win32
		{76A2FF14-2736-44CB-BE78-83CF0C6ADC9D}.JPN_Debug.ActiveCfg = Debug|Win32
		{76A2FF14-2736-44CB-BE78-83CF0C6ADC9D}.JPN_Debug.Build.0 = Debug|Win32
		{76A2FF14-2736-44CB-BE78-83CF0C6ADC9D}.JPN_Release_publish.ActiveCfg = Release|Win32
		{76A2FF14-2736-44CB-BE78-83CF0C6ADC9D}.JPN_Release_publish.Build.0 = Release|Win32
		{76A2FF14-2736-44CB-BE78-83CF0C6ADC9D}.KOR_Debug.ActiveCfg = Debug|Win32
		{76A2FF14-2736-44CB-BE78-83CF0C6ADC9D}.KOR_Debug.Build.0 = Debug|Win32
		{76A2FF14-2736-44CB-BE78-83CF0C6ADC9D}.KOR_Release_publish.ActiveCfg = Release|Win32
		{76A2FF14-2736-44CB-BE78-83CF0C6ADC9D}.KOR_Release_publish.Build.0 = Release|Win32
		{76A2FF14-2736-44CB-BE78-83CF0C6ADC9D}.Release.ActiveCfg = Release|Win32
		{76A2FF14-2736-44CB-BE78-83CF0C6ADC9D}.Release.Build.0 = Release|Win32
		{76A2FF14-2736-44CB-BE78-83CF0C6ADC9D}.USA_Debug.ActiveCfg = Debug|Win32
		{76A2FF14-2736-44CB-BE78-83CF0C6ADC9D}.USA_Debug.Build.0 = Debug|Win32
		{76A2FF14-2736-44CB-BE78-83CF0C6ADC9D}.USA_Release_publish.ActiveCfg = Release|Win32
		{76A2FF14-2736-44CB-BE78-83CF0C6ADC9D}.USA_Release_publish.Build.0 = Release|Win32
	EndGlobalSection
	GlobalSection(ExtensibilityGlobals) = postSolution
	EndGlobalSection
	GlobalSection(ExtensibilityAddIns) = postSolution
	EndGlobalSection
	GlobalSection(DPCodeReviewSolutionGUID) = preSolution
		DPCodeReviewSolutionGUID = {00000000-0000-0000-0000-000000000000}
	EndGlobalSection
EndGlobal
